// !$*UTF8*$!
{
	archiveVersion = 1;
	classes = {
	};
	objectVersion = 50;
	objects = {

/* Begin PBXBuildFile section */
		8DAF933C210F3717000CB32B /* AppDelegate.swift in Sources */ = {isa = PBXBuildFile; fileRef = 8DAF933B210F3717000CB32B /* AppDelegate.swift */; };
		8DAF933E210F3717000CB32B /* FirstViewController.swift in Sources */ = {isa = PBXBuildFile; fileRef = 8DAF933D210F3717000CB32B /* FirstViewController.swift */; };
		8DAF9341210F3717000CB32B /* Main.storyboard in Resources */ = {isa = PBXBuildFile; fileRef = 8DAF933F210F3717000CB32B /* Main.storyboard */; };
		8DAF9343210F3718000CB32B /* Assets.xcassets in Resources */ = {isa = PBXBuildFile; fileRef = 8DAF9342210F3718000CB32B /* Assets.xcassets */; };
		8DAF9346210F3718000CB32B /* LaunchScreen.storyboard in Resources */ = {isa = PBXBuildFile; fileRef = 8DAF9344210F3718000CB32B /* LaunchScreen.storyboard */; };
		8DAF934E210F3955000CB32B /* PageViewController.swift in Sources */ = {isa = PBXBuildFile; fileRef = 8DAF934D210F3955000CB32B /* PageViewController.swift */; };
		8DAF9350210F3FF3000CB32B /* SecondViewController.swift in Sources */ = {isa = PBXBuildFile; fileRef = 8DAF934F210F3FF3000CB32B /* SecondViewController.swift */; };
		8DAF9352210F4001000CB32B /* ThirdViewController.swift in Sources */ = {isa = PBXBuildFile; fileRef = 8DAF9351210F4001000CB32B /* ThirdViewController.swift */; };
/* End PBXBuildFile section */

/* Begin PBXFileReference section */
		8DAF9338210F3717000CB32B /* PageViewControllerTest.app */ = {isa = PBXFileReference; explicitFileType = wrapper.application; includeInIndex = 0; path = PageViewControllerTest.app; sourceTree = BUILT_PRODUCTS_DIR; };
		8DAF933B210F3717000CB32B /* AppDelegate.swift */ = {isa = PBXFileReference; lastKnownFileType = sourcecode.swift; path = AppDelegate.swift; sourceTree = "<group>"; };
		8DAF933D210F3717000CB32B /* FirstViewController.swift */ = {isa = PBXFileReference; lastKnownFileType = sourcecode.swift; path = FirstViewController.swift; sourceTree = "<group>"; };
		8DAF9340210F3717000CB32B /* Base */ = {isa = PBXFileReference; lastKnownFileType = file.storyboard; name = Base; path = Base.lproj/Main.storyboard; sourceTree = "<group>"; };
		8DAF9342210F3718000CB32B /* Assets.xcassets */ = {isa = PBXFileReference; lastKnownFileType = folder.assetcatalog; path = Assets.xcassets; sourceTree = "<group>"; };
		8DAF9345210F3718000CB32B /* Base */ = {isa = PBXFileReference; lastKnownFileType = file.storyboard; name = Base; path = Base.lproj/LaunchScreen.storyboard; sourceTree = "<group>"; };
		8DAF9347210F3718000CB32B /* Info.plist */ = {isa = PBXFileReference; lastKnownFileType = text.plist.xml; path = Info.plist; sourceTree = "<group>"; };
		8DAF934D210F3955000CB32B /* PageViewController.swift */ = {isa = PBXFileReference; lastKnownFileType = sourcecode.swift; path = PageViewController.swift; sourceTree = "<group>"; };
		8DAF934F210F3FF3000CB32B /* SecondViewController.swift */ = {isa = PBXFileReference; lastKnownFileType = sourcecode.swift; path = SecondViewController.swift; sourceTree = "<group>"; };
		8DAF9351210F4001000CB32B /* ThirdViewController.swift */ = {isa = PBXFileReference; lastKnownFileType = sourcecode.swift; path = ThirdViewController.swift; sourceTree = "<group>"; };
/* End PBXFileReference section */

/* Begin PBXFrameworksBuildPhase section */
		8DAF9335210F3717000CB32B /* Frameworks */ = {
			isa = PBXFrameworksBuildPhase;
			buildActionMask = 2147483647;
			files = (
			);
			runOnlyForDeploymentPostprocessing = 0;
		};
/* End PBXFrameworksBuildPhase section */

/* Begin PBXGroup section */
		8DAF932F210F3717000CB32B = {
			isa = PBXGroup;
			children = (
				8DAF933A210F3717000CB32B /* PageViewControllerTest */,
				8DAF9339210F3717000CB32B /* Products */,
			);
			sourceTree = "<group>";
		};
		8DAF9339210F3717000CB32B /* Products */ = {
			isa = PBXGroup;
			children = (
				8DAF9338210F3717000CB32B /* PageViewControllerTest.app */,
			);
			name = Products;
			sourceTree = "<group>";
		};
		8DAF933A210F3717000CB32B /* PageViewControllerTest */ = {
			isa = PBXGroup;
			children = (
				8DAF933B210F3717000CB32B /* AppDelegate.swift */,
				8DAF933D210F3717000CB32B /* FirstViewController.swift */,
				8DAF934F210F3FF3000CB32B /* SecondViewController.swift */,
				8DAF9351210F4001000CB32B /* ThirdViewController.swift */,
				8DAF933F210F3717000CB32B /* Main.storyboard */,
				8DAF934D210F3955000CB32B /* PageViewController.swift */,
				8DAF9342210F3718000CB32B /* Assets.xcassets */,
				8DAF9344210F3718000CB32B /* LaunchScreen.storyboard */,
				8DAF9347210F3718000CB32B /* Info.plist */,
			);
			path = PageViewControllerTest;
			sourceTree = "<group>";
		};
/* End PBXGroup section */

/* Begin PBXNativeTarget section */
		8DAF9337210F3717000CB32B /* PageViewControllerTest */ = {
			isa = PBXNativeTarget;
			buildConfigurationList = 8DAF934A210F3718000CB32B /* Build configuration list for PBXNativeTarget "PageViewControllerTest" */;
			buildPhases = (
				8DAF9334210F3717000CB32B /* Sources */,
				8DAF9335210F3717000CB32B /* Frameworks */,
				8DAF9336210F3717000CB32B /* Resources */,
			);
			buildRules = (
			);
			dependencies = (
			);
			name = PageViewControllerTest;
			productName = PageViewControllerTest;
			productReference = 8DAF9338210F3717000CB32B /* PageViewControllerTest.app */;
			productType = "com.apple.product-type.application";
		};
/* End PBXNativeTarget section */

/* Begin PBXProject section */
		8DAF9330210F3717000CB32B /* Project object */ = {
			isa = PBXProject;
			attributes = {
				LastSwiftUpdateCheck = 0940;
				LastUpgradeCheck = 0940;
				ORGANIZATIONNAME = "Shigeo Sakamoto";
				TargetAttributes = {
					8DAF9337210F3717000CB32B = {
						CreatedOnToolsVersion = 9.4.1;
					};
				};
			};
			buildConfigurationList = 8DAF9333210F3717000CB32B /* Build configuration list for PBXProject "PageViewControllerTest" */;
			compatibilityVersion = "Xcode 9.3";
			developmentRegion = en;
			hasScannedForEncodings = 0;
			knownRegions = (
				en,
				Base,
			);
			mainGroup = 8DAF932F210F3717000CB32B;
			productRefGroup = 8DAF9339210F3717000CB32B /* Products */;
			projectDirPath = "";
			projectRoot = "";
			targets = (
				8DAF9337210F3717000CB32B /* PageViewControllerTest */,
			);
		};
/* End PBXProject section */

/* Begin PBXResourcesBuildPhase section */
		8DAF9336210F3717000CB32B /* Resources */ = {
			isa = PBXResourcesBuildPhase;
			buildActionMask = 2147483647;
			files = (
				8DAF9346210F3718000CB32B /* LaunchScreen.storyboard in Resources */,
				8DAF9343210F3718000CB32B /* Assets.xcassets in Resources */,
				8DAF9341210F3717000CB32B /* Main.storyboard in Resources */,
			);
			runOnlyForDeploymentPostprocessing = 0;
		};
/* End PBXResourcesBuildPhase section */

/* Begin PBXSourcesBuildPhase section */
		8DAF9334210F3717000CB32B /* Sources */ = {
			isa = PBXSourcesBuildPhase;
			buildActionMask = 2147483647;
			files = (
				8DAF9350210F3FF3000CB32B /* SecondViewController.swift in Sources */,
				8DAF934E210F3955000CB32B /* PageViewController.swift in Sources */,
				8DAF9352210F4001000CB32B /* ThirdViewController.swift in Sources */,
				8DAF933E210F3717000CB32B /* FirstViewController.swift in Sources */,
				8DAF933C210F3717000CB32B /* AppDelegate.swift in Sources */,
			);
			runOnlyForDeploymentPostprocessing = 0;
		};
/* End PBXSourcesBuildPhase section */

/* Begin PBXVariantGroup section */
		8DAF933F210F3717000CB32B /* Main.storyboard */ = {
			isa = PBXVariantGroup;
			children = (
				8DAF9340210F3717000CB32B /* Base */,
			);
			name = Main.storyboard;
			sourceTree = "<group>";
		};
		8DAF9344210F3718000CB32B /* LaunchScreen.storyboard */ = {
			isa = PBXVariantGroup;
			children = (
				8DAF9345210F3718000CB32B /* Base */,
			);
			name = LaunchScreen.storyboard;
			sourceTree = "<group>";
		};
/* End PBXVariantGroup section */

/* Begin XCBuildConfiguration section */
		8DAF9348210F3718000CB32B /* Debug */ = {
			isa = XCBuildConfiguration;
			buildSettings = {
				ALWAYS_SEARCH_USER_PATHS = NO;
				CLANG_ANALYZER_NONNULL = YES;
				CLANG_ANALYZER_NUMBER_OBJECT_CONVERSION = YES_AGGRESSIVE;
				CLANG_CXX_LANGUAGE_STANDARD = "gnu++14";
				CLANG_CXX_LIBRARY = "libc++";
				CLANG_ENABLE_MODULES = YES;
				CLANG_ENABLE_OBJC_ARC = YES;
				CLANG_ENABLE_OBJC_WEAK = YES;
				CLANG_WARN_BLOCK_CAPTURE_AUTORELEASING = YES;
				CLANG_WARN_BOOL_CONVERSION = YES;
				CLANG_WARN_COMMA = YES;
				CLANG_WARN_CONSTANT_CONVERSION = YES;
				CLANG_WARN_DEPRECATED_OBJC_IMPLEMENTATIONS = YES;
				CLANG_WARN_DIRECT_OBJC_ISA_USAGE = YES_ERROR;
				CLANG_WARN_DOCUMENTATION_COMMENTS = YES;
				CLANG_WARN_EMPTY_BODY = YES;
				CLANG_WARN_ENUM_CONVERSION = YES;
				CLANG_WARN_INFINITE_RECURSION = YES;
				CLANG_WARN_INT_CONVERSION = YES;
				CLANG_WARN_NON_LITERAL_NULL_CONVERSION = YES;
				CLANG_WARN_OBJC_IMPLICIT_RETAIN_SELF = YES;
				CLANG_WARN_OBJC_LITERAL_CONVERSION = YES;
				CLANG_WARN_OBJC_ROOT_CLASS = YES_ERROR;
				CLANG_WARN_RANGE_LOOP_ANALYSIS = YES;
				CLANG_WARN_STRICT_PROTOTYPES = YES;
				CLANG_WARN_SUSPICIOUS_MOVE = YES;
				CLANG_WARN_UNGUARDED_AVAILABILITY = YES_AGGRESSIVE;
				CLANG_WARN_UNREACHABLE_CODE = YES;
				CLANG_WARN__DUPLICATE_METHOD_MATCH = YES;
				CODE_SIGN_IDENTITY = "iPhone Developer";
				COPY_PHASE_STRIP = NO;
				DEBUG_INFORMATION_FORMAT = dwarf;
				ENABLE_STRICT_OBJC_MSGSEND = YES;
				ENABLE_TESTABILITY = YES;
				GCC_C_LANGUAGE_STANDARD = gnu11;
				GCC_DYNAMIC_NO_PIC = NO;
				GCC_NO_COMMON_BLOCKS = YES;
				GCC_OPTIMIZATION_LEVEL = 0;
				GCC_PREPROCESSOR_DEFINITIONS = (
					"DEBUG=1",
					"$(inherited)",
				);
				GCC_WARN_64_TO_32_BIT_CONVERSION = YES;
				GCC_WARN_ABOUT_RETURN_TYPE = YES_ERROR;
				GCC_WARN_UNDECLARED_SELECTOR = YES;
				GCC_WARN_UNINITIALIZED_AUTOS = YES_AGGRESSIVE;
				GCC_WARN_UNUSED_FUNCTION = YES;
				GCC_WARN_UNUSED_VARIABLE = YES;
				IPHONEOS_DEPLOYMENT_TARGET = 11.4;
				MTL_ENABLE_DEBUG_INFO = YES;
				ONLY_ACTIVE_ARCH = YES;
				SDKROOT = iphoneos;
				SWIFT_ACTIVE_COMPILATION_CONDITIONS = DEBUG;
				SWIFT_OPTIMIZATION_LEVEL = "-Onone";
			};
			name = Debug;
		};
		8DAF9349210F3718000CB32B /* Release */ = {
			isa = XCBuildConfiguration;
			buildSettings = {
				ALWAYS_SEARCH_USER_PATHS = NO;
				CLANG_ANALYZER_NONNULL = YES;
				CLANG_ANALYZER_NUMBER_OBJECT_CONVERSION = YES_AGGRESSIVE;
				CLANG_CXX_LANGUAGE_STANDARD = "gnu++14";
				CLANG_CXX_LIBRARY = "libc++";
				CLANG_ENABLE_MODULES = YES;
				CLANG_ENABLE_OBJC_ARC = YES;
				CLANG_ENABLE_OBJC_WEAK = YES;
				CLANG_WARN_BLOCK_CAPTURE_AUTORELEASING = YES;
				CLANG_WARN_BOOL_CONVERSION = YES;
				CLANG_WARN_COMMA = YES;
				CLANG_WARN_CONSTANT_CONVERSION = YES;
				CLANG_WARN_DEPRECATED_OBJC_IMPLEMENTATIONS = YES;
				CLANG_WARN_DIRECT_OBJC_ISA_USAGE = YES_ERROR;
				CLANG_WARN_DOCUMENTATION_COMMENTS = YES;
				CLANG_WARN_EMPTY_BODY = YES;
				CLANG_WARN_ENUM_CONVERSION = YES;
				CLANG_WARN_INFINITE_RECURSION = YES;
				CLANG_WARN_INT_CONVERSION = YES;
				CLANG_WARN_NON_LITERAL_NULL_CONVERSION = YES;
				CLANG_WARN_OBJC_IMPLICIT_RETAIN_SELF = YES;
				CLANG_WARN_OBJC_LITERAL_CONVERSION = YES;
				CLANG_WARN_OBJC_ROOT_CLASS = YES_ERROR;
				CLANG_WARN_RANGE_LOOP_ANALYSIS = YES;
				CLANG_WARN_STRICT_PROTOTYPES = YES;
				CLANG_WARN_SUSPICIOUS_MOVE = YES;
				CLANG_WARN_UNGUARDED_AVAILABILITY = YES_AGGRESSIVE;
				CLANG_WARN_UNREACHABLE_CODE = YES;
				CLANG_WARN__DUPLICATE_METHOD_MATCH = YES;
				CODE_SIGN_IDENTITY = "iPhone Developer";
				COPY_PHASE_STRIP = NO;
				DEBUG_INFORMATION_FORMAT = "dwarf-with-dsym";
				ENABLE_NS_ASSERTIONS = NO;
				ENABLE_STRICT_OBJC_MSGSEND = YES;
				GCC_C_LANGUAGE_STANDARD = gnu11;
				GCC_NO_COMMON_BLOCKS = YES;
				GCC_WARN_64_TO_32_BIT_CONVERSION = YES;
				GCC_WARN_ABOUT_RETURN_TYPE = YES_ERROR;
				GCC_WARN_UNDECLARED_SELECTOR = YES;
				GCC_WARN_UNINITIALIZED_AUTOS = YES_AGGRESSIVE;
				GCC_WARN_UNUSED_FUNCTION = YES;
				GCC_WARN_UNUSED_VARIABLE = YES;
				IPHONEOS_DEPLOYMENT_TARGET = 11.4;
				MTL_ENABLE_DEBUG_INFO = NO;
				SDKROOT = iphoneos;
				SWIFT_COMPILATION_MODE = wholemodule;
				SWIFT_OPTIMIZATION_LEVEL = "-O";
				VALIDATE_PRODUCT = YES;
			};
			name = Release;
		};
		8DAF934B210F3718000CB32B /* Debug */ = {
			isa = XCBuildConfiguration;
			buildSettings = {
				ASSETCATALOG_COMPILER_APPICON_NAME = AppIcon;
				CODE_SIGN_STYLE = Automatic;
				DEVELOPMENT_TEAM = XUVQCNGF4Y;
				INFOPLIST_FILE = PageViewControllerTest/Info.plist;
				LD_RUNPATH_SEARCH_PATHS = (
					"$(inherited)",
					"@executable_path/Frameworks",
				);
				PRODUCT_BUNDLE_IDENTIFIER = com.ttk.PageViewControllerTest;
				PRODUCT_NAME = "$(TARGET_NAME)";
				SWIFT_VERSION = 4.0;
				TARGETED_DEVICE_FAMILY = "1,2";
			};
			name = Debug;
		};
		8DAF934C210F3718000CB32B /* Release */ = {
			isa = XCBuildConfiguration;
			buildSettings = {
				ASSETCATALOG_COMPILER_APPICON_NAME = AppIcon;
				CODE_SIGN_STYLE = Automatic;
				DEVELOPMENT_TEAM = XUVQCNGF4Y;
				INFOPLIST_FILE = PageViewControllerTest/Info.plist;
				LD_RUNPATH_SEARCH_PATHS = (
					"$(inherited)",
					"@executable_path/Frameworks",
				);
				PRODUCT_BUNDLE_IDENTIFIER = com.ttk.PageViewControllerTest;
				PRODUCT_NAME = "$(TARGET_NAME)";
				SWIFT_VERSION = 4.0;
				TARGETED_DEVICE_FAMILY = "1,2";
			};
			name = Release;
		};
/* End XCBuildConfiguration section */

/* Begin XCConfigurationList section */
		8DAF9333210F3717000CB32B /* Build configuration list for PBXProject "PageViewControllerTest" */ = {
			isa = XCConfigurationList;
			buildConfigurations = (
				8DAF9348210F3718000CB32B /* Debug */,
				8DAF9349210F3718000CB32B /* Release */,
			);
			defaultConfigurationIsVisible = 0;
			defaultConfigurationName = Release;
		};
		8DAF934A210F3718000CB32B /* Build configuration list for PBXNativeTarget "PageViewControllerTest" */ = {
			isa = XCConfigurationList;
			buildConfigurations = (
				8DAF934B210F3718000CB32B /* Debug */,
				8DAF934C210F3718000CB32B /* Release */,
			);
			defaultConfigurationIsVisible = 0;
			defaultConfigurationName = Release;
		};
/* End XCConfigurationList section */
	};
	rootObject = 8DAF9330210F3717000CB32B /* Project object */;
}
